uuid: 8e177a32-f60a-4569-a330-2792ee1b33bb
langcode: en
status: true
dependencies:
  config:
    - field.storage.registration.field_allocated_block
    - field.storage.registration.field_allocated_in_draw
    - field.storage.registration.field_drawn
    - field.storage.registration.field_team_name
  module:
    - dynamic_entity_reference
    - rng
    - user
    - views_send
id: allocated_block
label: 'Allocated Block'
module: views
description: 'Return allocated blocks for ballot entries and entries which didn''t get allocated a block'
tag: ''
base_table: registration_field_data
base_field: id
core: 8.x
display:
  default:
    display_plugin: default
    id: default
    display_title: Master
    position: 0
    display_options:
      access:
        type: none
        options: {  }
      cache:
        type: tag
        options: {  }
      query:
        type: views_query
        options:
          disable_sql_rewrite: false
          distinct: false
          replica: false
          query_comment: ''
          query_tags: {  }
      exposed_form:
        type: basic
        options:
          submit_button: Apply
          reset_button: false
          reset_button_label: Reset
          exposed_sorts_label: 'Sort by'
          expose_sort_order: true
          sort_asc_label: Asc
          sort_desc_label: Desc
      pager:
        type: mini
        options:
          items_per_page: 100
          offset: 0
          id: 0
          total_pages: null
          expose:
            items_per_page: false
            items_per_page_label: 'Items per page'
            items_per_page_options: '5, 10, 25, 50'
            items_per_page_options_all: false
            items_per_page_options_all_label: '- All -'
            offset: false
            offset_label: Offset
          tags:
            previous: ‹‹
            next: ››
      style:
        type: table
      row:
        type: fields
      fields:
        id:
          table: registration_field_data
          field: id
          id: id
          entity_type: null
          entity_field: id
          plugin_id: field
          relationship: none
          group_type: group
          admin_label: ''
          label: 'Registration ID'
          exclude: false
          alter:
            alter_text: false
            text: ''
            make_link: false
            path: ''
            absolute: false
            external: false
            replace_spaces: false
            path_case: none
            trim_whitespace: false
            alt: ''
            rel: ''
            link_class: ''
            prefix: ''
            suffix: ''
            target: ''
            nl2br: false
            max_length: 0
            word_boundary: true
            ellipsis: true
            more_link: false
            more_link_text: ''
            more_link_path: ''
            strip_tags: false
            trim: false
            preserve_tags: ''
            html: false
          element_type: ''
          element_class: ''
          element_label_type: ''
          element_label_class: ''
          element_label_colon: true
          element_wrapper_type: ''
          element_wrapper_class: ''
          element_default_classes: true
          empty: ''
          hide_empty: false
          empty_zero: false
          hide_alter_empty: true
          click_sort_column: value
          type: number_integer
          settings: {  }
          group_column: value
          group_columns: {  }
          group_rows: true
          delta_limit: 0
          delta_offset: 0
          delta_reversed: false
          delta_first_last: false
          multi_type: separator
          separator: ', '
          field_api_classes: false
        identity__target_id:
          id: identity__target_id
          table: registrant
          field: identity__target_id
          relationship: none
          group_type: group
          admin_label: ''
          label: Identity
          exclude: true
          alter:
            alter_text: false
            text: ''
            make_link: false
            path: ''
            absolute: false
            external: false
            replace_spaces: false
            path_case: none
            trim_whitespace: false
            alt: ''
            rel: ''
            link_class: ''
            prefix: ''
            suffix: ''
            target: ''
            nl2br: false
            max_length: 0
            word_boundary: true
            ellipsis: true
            more_link: false
            more_link_text: ''
            more_link_path: ''
            strip_tags: false
            trim: false
            preserve_tags: ''
            html: false
          element_type: ''
          element_class: ''
          element_label_type: ''
          element_label_class: ''
          element_label_colon: true
          element_wrapper_type: ''
          element_wrapper_class: ''
          element_default_classes: true
          empty: ''
          hide_empty: false
          empty_zero: false
          hide_alter_empty: true
          click_sort_column: target_id
          type: dynamic_entity_reference_label
          settings:
            link: true
          group_column: ''
          group_columns: {  }
          group_rows: true
          delta_limit: 0
          delta_offset: 0
          delta_reversed: false
          delta_first_last: false
          multi_type: separator
          separator: ', '
          field_api_classes: false
          entity_type: registrant
          entity_field: identity
          plugin_id: field
        name:
          id: name
          table: users_field_data
          field: name
          relationship: user__identity
          group_type: group
          admin_label: ''
          label: Name
          exclude: false
          alter:
            alter_text: false
            text: ''
            make_link: false
            path: ''
            absolute: false
            external: false
            replace_spaces: false
            path_case: none
            trim_whitespace: false
            alt: ''
            rel: ''
            link_class: ''
            prefix: ''
            suffix: ''
            target: ''
            nl2br: false
            max_length: 0
            word_boundary: true
            ellipsis: true
            more_link: false
            more_link_text: ''
            more_link_path: ''
            strip_tags: false
            trim: false
            preserve_tags: ''
            html: false
          element_type: ''
          element_class: ''
          element_label_type: ''
          element_label_class: ''
          element_label_colon: true
          element_wrapper_type: ''
          element_wrapper_class: ''
          element_default_classes: true
          empty: ''
          hide_empty: false
          empty_zero: false
          hide_alter_empty: true
          click_sort_column: value
          type: user_name
          settings:
            link_to_entity: true
          group_column: value
          group_columns: {  }
          group_rows: true
          delta_limit: 0
          delta_offset: 0
          delta_reversed: false
          delta_first_last: false
          multi_type: separator
          separator: ', '
          field_api_classes: false
          entity_type: user
          entity_field: name
          plugin_id: field
        field_physical_address_given_name:
          id: field_physical_address_given_name
          table: user__field_physical_address
          field: field_physical_address_given_name
          relationship: user__identity
          group_type: group
          admin_label: ''
          label: 'First name'
          exclude: false
          alter:
            alter_text: false
            text: ''
            make_link: false
            path: ''
            absolute: false
            external: false
            replace_spaces: false
            path_case: none
            trim_whitespace: false
            alt: ''
            rel: ''
            link_class: ''
            prefix: ''
            suffix: ''
            target: ''
            nl2br: false
            max_length: 0
            word_boundary: true
            ellipsis: true
            more_link: false
            more_link_text: ''
            more_link_path: ''
            strip_tags: false
            trim: false
            preserve_tags: ''
            html: false
          element_type: ''
          element_class: ''
          element_label_type: ''
          element_label_class: ''
          element_label_colon: true
          element_wrapper_type: ''
          element_wrapper_class: ''
          element_default_classes: true
          empty: ''
          hide_empty: false
          empty_zero: false
          hide_alter_empty: true
          plugin_id: standard
        field_physical_address_family_name:
          id: field_physical_address_family_name
          table: user__field_physical_address
          field: field_physical_address_family_name
          relationship: user__identity
          group_type: group
          admin_label: ''
          label: 'Last name'
          exclude: false
          alter:
            alter_text: false
            text: ''
            make_link: false
            path: '{{ view_user }} == User)'
            absolute: false
            external: false
            replace_spaces: false
            path_case: none
            trim_whitespace: false
            alt: ''
            rel: ''
            link_class: ''
            prefix: ''
            suffix: ''
            target: ''
            nl2br: false
            max_length: 0
            word_boundary: true
            ellipsis: true
            more_link: false
            more_link_text: ''
            more_link_path: ''
            strip_tags: false
            trim: false
            preserve_tags: ''
            html: false
          element_type: ''
          element_class: ''
          element_label_type: ''
          element_label_class: ''
          element_label_colon: true
          element_wrapper_type: ''
          element_wrapper_class: ''
          element_default_classes: true
          empty: ''
          hide_empty: false
          empty_zero: false
          hide_alter_empty: true
          plugin_id: standard
        mail:
          id: mail
          table: users_field_data
          field: mail
          relationship: user__identity
          group_type: group
          admin_label: ''
          label: Email
          exclude: false
          alter:
            alter_text: false
            text: ''
            make_link: false
            path: ''
            absolute: false
            external: false
            replace_spaces: false
            path_case: none
            trim_whitespace: false
            alt: ''
            rel: ''
            link_class: ''
            prefix: ''
            suffix: ''
            target: ''
            nl2br: false
            max_length: 0
            word_boundary: true
            ellipsis: true
            more_link: false
            more_link_text: ''
            more_link_path: ''
            strip_tags: false
            trim: false
            preserve_tags: ''
            html: false
          element_type: ''
          element_class: ''
          element_label_type: ''
          element_label_class: ''
          element_label_colon: true
          element_wrapper_type: ''
          element_wrapper_class: ''
          element_default_classes: true
          empty: ''
          hide_empty: false
          empty_zero: false
          hide_alter_empty: true
          click_sort_column: value
          type: basic_string
          settings: {  }
          group_column: value
          group_columns: {  }
          group_rows: true
          delta_limit: 0
          delta_offset: 0
          delta_reversed: false
          delta_first_last: false
          multi_type: separator
          separator: ', '
          field_api_classes: false
          entity_type: user
          entity_field: mail
          plugin_id: field
        event__target_id:
          id: event__target_id
          table: registration_field_data
          field: event__target_id
          relationship: none
          group_type: group
          admin_label: ''
          label: Event
          exclude: false
          alter:
            alter_text: false
            text: ''
            make_link: false
            path: ''
            absolute: false
            external: false
            replace_spaces: false
            path_case: none
            trim_whitespace: false
            alt: ''
            rel: ''
            link_class: ''
            prefix: ''
            suffix: ''
            target: ''
            nl2br: false
            max_length: 0
            word_boundary: true
            ellipsis: true
            more_link: false
            more_link_text: ''
            more_link_path: ''
            strip_tags: false
            trim: false
            preserve_tags: ''
            html: false
          element_type: ''
          element_class: ''
          element_label_type: ''
          element_label_class: ''
          element_label_colon: true
          element_wrapper_type: ''
          element_wrapper_class: ''
          element_default_classes: true
          empty: ''
          hide_empty: false
          empty_zero: false
          hide_alter_empty: true
          click_sort_column: target_id
          type: dynamic_entity_reference_label
          settings:
            link: true
          group_column: ''
          group_columns: {  }
          group_rows: true
          delta_limit: 0
          delta_offset: 0
          delta_reversed: false
          delta_first_last: false
          multi_type: separator
          separator: ', '
          field_api_classes: false
          entity_type: registration
          entity_field: event
          plugin_id: field
        field_team_name:
          id: field_team_name
          table: registration__field_team_name
          field: field_team_name
          relationship: none
          group_type: group
          admin_label: ''
          label: 'Hunting Party Name'
          exclude: false
          alter:
            alter_text: false
            text: ''
            make_link: false
            path: ''
            absolute: false
            external: false
            replace_spaces: false
            path_case: none
            trim_whitespace: false
            alt: ''
            rel: ''
            link_class: ''
            prefix: ''
            suffix: ''
            target: ''
            nl2br: false
            max_length: 0
            word_boundary: true
            ellipsis: true
            more_link: false
            more_link_text: ''
            more_link_path: ''
            strip_tags: false
            trim: false
            preserve_tags: ''
            html: false
          element_type: ''
          element_class: ''
          element_label_type: ''
          element_label_class: ''
          element_label_colon: true
          element_wrapper_type: ''
          element_wrapper_class: ''
          element_default_classes: true
          empty: ''
          hide_empty: false
          empty_zero: false
          hide_alter_empty: true
          click_sort_column: value
          type: string
          settings:
            link_to_entity: true
          group_column: value
          group_columns: {  }
          group_rows: true
          delta_limit: 0
          delta_offset: 0
          delta_reversed: false
          delta_first_last: false
          multi_type: separator
          separator: ', '
          field_api_classes: false
          plugin_id: field
        field_allocated_in_draw:
          id: field_allocated_in_draw
          table: registration__field_allocated_in_draw
          field: field_allocated_in_draw
          relationship: none
          group_type: group
          admin_label: ''
          label: 'Allocated in draw'
          exclude: false
          alter:
            alter_text: false
            text: ''
            make_link: false
            path: ''
            absolute: false
            external: false
            replace_spaces: false
            path_case: none
            trim_whitespace: false
            alt: ''
            rel: ''
            link_class: ''
            prefix: ''
            suffix: ''
            target: ''
            nl2br: false
            max_length: 0
            word_boundary: true
            ellipsis: true
            more_link: false
            more_link_text: ''
            more_link_path: ''
            strip_tags: false
            trim: false
            preserve_tags: ''
            html: false
          element_type: ''
          element_class: ''
          element_label_type: ''
          element_label_class: ''
          element_label_colon: true
          element_wrapper_type: ''
          element_wrapper_class: ''
          element_default_classes: true
          empty: ''
          hide_empty: false
          empty_zero: false
          hide_alter_empty: true
          click_sort_column: value
          type: number_integer
          settings:
            thousand_separator: ''
            prefix_suffix: true
          group_column: value
          group_columns: {  }
          group_rows: true
          delta_limit: 0
          delta_offset: 0
          delta_reversed: false
          delta_first_last: false
          multi_type: separator
          separator: ', '
          field_api_classes: false
          plugin_id: field
        field_drawn:
          id: field_drawn
          table: registration__field_drawn
          field: field_drawn
          relationship: none
          group_type: group
          admin_label: ''
          label: Drawn
          exclude: false
          alter:
            alter_text: false
            text: ''
            make_link: false
            path: ''
            absolute: false
            external: false
            replace_spaces: false
            path_case: none
            trim_whitespace: false
            alt: ''
            rel: ''
            link_class: ''
            prefix: ''
            suffix: ''
            target: ''
            nl2br: false
            max_length: 0
            word_boundary: true
            ellipsis: true
            more_link: false
            more_link_text: ''
            more_link_path: ''
            strip_tags: false
            trim: false
            preserve_tags: ''
            html: false
          element_type: ''
          element_class: ''
          element_label_type: ''
          element_label_class: ''
          element_label_colon: true
          element_wrapper_type: ''
          element_wrapper_class: ''
          element_default_classes: true
          empty: ''
          hide_empty: false
          empty_zero: false
          hide_alter_empty: true
          click_sort_column: value
          type: number_integer
          settings:
            thousand_separator: ''
            prefix_suffix: true
          group_column: value
          group_columns: {  }
          group_rows: true
          delta_limit: 0
          delta_offset: 0
          delta_reversed: false
          delta_first_last: false
          multi_type: separator
          separator: ', '
          field_api_classes: false
          plugin_id: field
        field_allocated_block:
          id: field_allocated_block
          table: registration__field_allocated_block
          field: field_allocated_block
          relationship: none
          group_type: group
          admin_label: ''
          label: 'Allocated Block'
          exclude: false
          alter:
            alter_text: false
            text: ''
            make_link: false
            path: ''
            absolute: false
            external: false
            replace_spaces: false
            path_case: none
            trim_whitespace: false
            alt: ''
            rel: ''
            link_class: ''
            prefix: ''
            suffix: ''
            target: ''
            nl2br: false
            max_length: 0
            word_boundary: true
            ellipsis: true
            more_link: false
            more_link_text: ''
            more_link_path: ''
            strip_tags: false
            trim: false
            preserve_tags: ''
            html: false
          element_type: ''
          element_class: ''
          element_label_type: ''
          element_label_class: ''
          element_label_colon: true
          element_wrapper_type: ''
          element_wrapper_class: ''
          element_default_classes: true
          empty: ''
          hide_empty: false
          empty_zero: false
          hide_alter_empty: true
          click_sort_column: target_id
          type: entity_reference_label
          settings:
            link: true
          group_column: target_id
          group_columns: {  }
          group_rows: true
          delta_limit: 0
          delta_offset: 0
          delta_reversed: false
          delta_first_last: false
          multi_type: separator
          separator: ', '
          field_api_classes: false
          plugin_id: field
        views_send_bulk_form:
          id: views_send_bulk_form
          table: views
          field: views_send_bulk_form
          relationship: none
          group_type: group
          admin_label: ''
          label: 'Send e-mail'
          exclude: false
          alter:
            alter_text: false
            text: ''
            make_link: false
            path: ''
            absolute: false
            external: false
            replace_spaces: false
            path_case: none
            trim_whitespace: false
            alt: ''
            rel: ''
            link_class: ''
            prefix: ''
            suffix: ''
            target: ''
            nl2br: false
            max_length: 0
            word_boundary: true
            ellipsis: true
            more_link: false
            more_link_text: ''
            more_link_path: ''
            strip_tags: false
            trim: false
            preserve_tags: ''
            html: false
          element_type: ''
          element_class: ''
          element_label_type: ''
          element_label_class: ''
          element_label_colon: true
          element_wrapper_type: ''
          element_wrapper_class: ''
          element_default_classes: true
          empty: ''
          hide_empty: false
          empty_zero: false
          hide_alter_empty: false
          action_title: Action
          include_exclude: exclude
          selected_actions: {  }
          plugin_id: views_send_bulk_form
      filters: {  }
      sorts: {  }
      title: 'Allocated Block'
      header: {  }
      footer: {  }
      empty: {  }
      relationships:
        registration:
          id: registration
          table: registrant
          field: registration
          relationship: none
          group_type: group
          admin_label: Registration
          required: true
          entity_type: registrant
          entity_field: registration
          plugin_id: standard
        user__identity:
          id: user__identity
          table: registrant
          field: user__identity
          relationship: none
          group_type: group
          admin_label: 'Identity: User'
          required: true
          entity_type: registrant
          plugin_id: standard
      arguments: {  }
      display_extenders: {  }
    cache_metadata:
      max-age: 0
      contexts:
        - 'languages:language_content'
        - 'languages:language_interface'
        - url.query_args
      tags:
        - 'config:field.storage.registration.field_allocated_block'
        - 'config:field.storage.registration.field_allocated_in_draw'
        - 'config:field.storage.registration.field_drawn'
        - 'config:field.storage.registration.field_team_name'
  page_1:
    display_plugin: page
    id: page_1
    display_title: Page
    position: 1
    display_options:
      display_extenders: {  }
      path: admin/allocated-block
    cache_metadata:
      max-age: 0
      contexts:
        - 'languages:language_content'
        - 'languages:language_interface'
        - url.query_args
      tags:
        - 'config:field.storage.registration.field_allocated_block'
        - 'config:field.storage.registration.field_allocated_in_draw'
        - 'config:field.storage.registration.field_drawn'
        - 'config:field.storage.registration.field_team_name'
